// !$*UTF8*$!
{
	archiveVersion = 1;
	classes = {
	};
	objectVersion = 56;
	objects = {

/* Begin PBXBuildFile section */
		0729089CEB6891002D96373A /* Assets.xcassets in Resources */ = {isa = PBXBuildFile; fileRef = 892693C07393A706673A6FCD /* Assets.xcassets */; };
		0B9C4933AB5C9561D199904D /* NetworkMonitor.swift in Sources */ = {isa = PBXBuildFile; fileRef = 44E1F2F237A2DFAA4BF89615 /* NetworkMonitor.swift */; };
		0E4FADB21060DFF9C22DBBF9 /* LibraryTrackRow.swift in Sources */ = {isa = PBXBuildFile; fileRef = 983F97D6C817E685E743F2CD /* LibraryTrackRow.swift */; };
		1ADE522DBCF94E539C00AF09 /* LibraryModels.swift in Sources */ = {isa = PBXBuildFile; fileRef = F623E593973A826CD971899D /* LibraryModels.swift */; };
		1B132538CD1B84C3149868A3 /* SearchScope.swift in Sources */ = {isa = PBXBuildFile; fileRef = C234CC382B03ED88AEF30081 /* SearchScope.swift */; };
		1E288212940E68FB27D81C33 /* AlbumsView.swift in Sources */ = {isa = PBXBuildFile; fileRef = 0FE57CBF0D3EE918C5629D1B /* AlbumsView.swift */; };
		1EE66FB17A9410293C5BAA26 /* YouTubeDataServiceTests.swift in Sources */ = {isa = PBXBuildFile; fileRef = 54DEFDB1DE5E4093054EB1E7 /* YouTubeDataServiceTests.swift */; };
		1F93FC56B54E3682BEAF6843 /* SongsView.swift in Sources */ = {isa = PBXBuildFile; fileRef = 629D8FBE5059163E4D30E8EA /* SongsView.swift */; };
		233E9CF5E4CBFB98E51CFB1D /* ImportYouTubePlaylistSheet.swift in Sources */ = {isa = PBXBuildFile; fileRef = 06080C7AB650DEDEADA44D84 /* ImportYouTubePlaylistSheet.swift */; };
		24326489F77EF25965B4F827 /* LyricsModels.swift in Sources */ = {isa = PBXBuildFile; fileRef = D716FDDA75977C70E05F94BF /* LyricsModels.swift */; };
		2A303C7F8112A53EB5C1B6F2 /* ArtworkCache.swift in Sources */ = {isa = PBXBuildFile; fileRef = 0993E40A73827BA8545DBF8C /* ArtworkCache.swift */; };
		2BC43C3FE260FECA70FABB03 /* BackendAPIClient.swift in Sources */ = {isa = PBXBuildFile; fileRef = 4A394FA257C045422353CDC8 /* BackendAPIClient.swift */; };
		2E3F2999DB121C8BBAB636C6 /* AuthClientTests.swift in Sources */ = {isa = PBXBuildFile; fileRef = 4BEA7E3666B9D4FE8698180D /* AuthClientTests.swift */; };
		2F5AC0C498853AF394DDF57A /* LibraryStoreTests.swift in Sources */ = {isa = PBXBuildFile; fileRef = F8520854CDB28840D481BC1D /* LibraryStoreTests.swift */; };
		3044612D123FCD074F65BC80 /* ArtistView.swift in Sources */ = {isa = PBXBuildFile; fileRef = B8F106F9E95C9822C5808CE2 /* ArtistView.swift */; };
		32CFE4A9D47793DBFEAD4C6D /* DesignSystem.swift in Sources */ = {isa = PBXBuildFile; fileRef = FBA4D463399019B155D951B0 /* DesignSystem.swift */; };
		37830DDB0CE98A83B7CAD119 /* PlaylistsView.swift in Sources */ = {isa = PBXBuildFile; fileRef = BE44763CBB2A8B00B1EA0587 /* PlaylistsView.swift */; };
		37874CAFC446646388F0E21F /* PlaybackSettings.swift in Sources */ = {isa = PBXBuildFile; fileRef = 409F30608520D809FD11B8E2 /* PlaybackSettings.swift */; };
		384773FD9C858FC2C91FD270 /* OfflineDownloadManagerTests.swift in Sources */ = {isa = PBXBuildFile; fileRef = 8D273959FF9097E9E5D248AC /* OfflineDownloadManagerTests.swift */; };
		3F12A33EEFFBADC28106D28D /* LibraryStore.swift in Sources */ = {isa = PBXBuildFile; fileRef = A36A29292241E50EAA6FED44 /* LibraryStore.swift */; };
		3F5D47FE1ABB03202BECC26D /* AuthState.swift in Sources */ = {isa = PBXBuildFile; fileRef = 9DCEBDB4334C8CF02760A7DC /* AuthState.swift */; };
		40B1CB675A36B391BBD5698D /* SettingsView.swift in Sources */ = {isa = PBXBuildFile; fileRef = 0976345E0EAFD37E5D7FA028 /* SettingsView.swift */; };
		44DF0F56869565B549D57C2E /* YouTubeEndpointTests.swift in Sources */ = {isa = PBXBuildFile; fileRef = A992485307B9D6D2EEAF913F /* YouTubeEndpointTests.swift */; };
		47510C2F1438B6752D5CC68D /* HomeView.swift in Sources */ = {isa = PBXBuildFile; fileRef = 30DD7EC7F2EA80F9AAB0BB1D /* HomeView.swift */; };
		4C107778B5B4CC72B10EC26D /* PlayerDock.swift in Sources */ = {isa = PBXBuildFile; fileRef = F3933F4F8EA7E6B37A9C0AE2 /* PlayerDock.swift */; };
		55C9016668119361F6E838F7 /* AudioResolverConfigurationTests.swift in Sources */ = {isa = PBXBuildFile; fileRef = 31362CACE6F19E4F2F29A988 /* AudioResolverConfigurationTests.swift */; };
		56A49B2E1245EADA750B967D /* CarPlaySceneDelegate.swift in Sources */ = {isa = PBXBuildFile; fileRef = 37175D33C185C8A289AECEF3 /* CarPlaySceneDelegate.swift */; };
		59C84DFF595B0B8955A29D91 /* DiscoveryModels.swift in Sources */ = {isa = PBXBuildFile; fileRef = 8AF30D79E5CDBB7FAA824770 /* DiscoveryModels.swift */; };
		6151A90AE8662A3BF68F6F81 /* YouTubeDTOs.swift in Sources */ = {isa = PBXBuildFile; fileRef = C40F7B2D42579F0EE8B84562 /* YouTubeDTOs.swift */; };
		667DF4AF04C5648136BA73AE /* SignUpView.swift in Sources */ = {isa = PBXBuildFile; fileRef = C91458DBA03A1CAB850C0F56 /* SignUpView.swift */; };
		67DB8B8FAE9D22457BE1B74C /* DownloadedView.swift in Sources */ = {isa = PBXBuildFile; fileRef = 16CD6BD5C451A2941A1BBCC3 /* DownloadedView.swift */; };
		708BE9815E38BABBEAAC3C48 /* NavigationStateTests.swift in Sources */ = {isa = PBXBuildFile; fileRef = 94CEFBF0FC30A4278679715A /* NavigationStateTests.swift */; };
		7499A8F2F69959B90466845B /* AuthModels.swift in Sources */ = {isa = PBXBuildFile; fileRef = BA8362E596A6A7A298D53B8F /* AuthModels.swift */; };
		783D5A3D00E294671014DE12 /* KeychainTokenManager.swift in Sources */ = {isa = PBXBuildFile; fileRef = 8F88060C4CD1FF3AF40FDEF2 /* KeychainTokenManager.swift */; };
		78839F260CDED6C5A4F20DD7 /* BackendModels.swift in Sources */ = {isa = PBXBuildFile; fileRef = 871BE5ECB98F3C033A8C095E /* BackendModels.swift */; };
		7A344E3760153F4FE76B0976 /* AlbumView.swift in Sources */ = {isa = PBXBuildFile; fileRef = A9E399F4835AB24FA1E720CB /* AlbumView.swift */; };
		7CFD3DADE5FDDAC4CD2ABD7F /* YouTubeEndpoint.swift in Sources */ = {isa = PBXBuildFile; fileRef = A933166B2764B1187F6AC36A /* YouTubeEndpoint.swift */; };
		7EC09738E59B91EB17D45049 /* LoginView.swift in Sources */ = {isa = PBXBuildFile; fileRef = A062754AB263ED64696028EF /* LoginView.swift */; };
		801DEED4CE8D9A925AB07406 /* SearchViewModel.swift in Sources */ = {isa = PBXBuildFile; fileRef = 2B2C35DDFD4B81AAF442203B /* SearchViewModel.swift */; };
		847DA61827F0DEF65A005B63 /* SearchHistory.swift in Sources */ = {isa = PBXBuildFile; fileRef = 2E6DE71C5DF6FAD5B457E1D4 /* SearchHistory.swift */; };
		8D5A357BB70880003DAC9C37 /* APIConfiguration.swift in Sources */ = {isa = PBXBuildFile; fileRef = 58FE67E2E14640C50A4CF427 /* APIConfiguration.swift */; };
		90727597F4BA2B79A7F17D56 /* AudioResolverConfiguration.swift in Sources */ = {isa = PBXBuildFile; fileRef = BC72D12F38B1EA483B6186E7 /* AudioResolverConfiguration.swift */; };
		91455358061B6C369F86A250 /* PlaybackQueue.swift in Sources */ = {isa = PBXBuildFile; fileRef = 140CAA550915A666402FE3B2 /* PlaybackQueue.swift */; };
		9717581C42A5E2B1A3AD0ABC /* AuthClient.swift in Sources */ = {isa = PBXBuildFile; fileRef = B30F52361FAA3C126CF97949 /* AuthClient.swift */; };
		9AF26B4D28F48DE77389F2AA /* PlaybackQueueTests.swift in Sources */ = {isa = PBXBuildFile; fileRef = 090C5ADC3245B7DE1B38935A /* PlaybackQueueTests.swift */; };
		9CED3AAD75CE5FFA93D61941 /* SearchCacheTests.swift in Sources */ = {isa = PBXBuildFile; fileRef = 5EC0A167AD028A5841AB61B3 /* SearchCacheTests.swift */; };
		9CEF62D1403E9DA2FED264B5 /* YouTubeDataService.swift in Sources */ = {isa = PBXBuildFile; fileRef = 67C1E125A4BB89C0DA2D7362 /* YouTubeDataService.swift */; };
		9EA9ABF234A0BC25E1CD2816 /* BackendAPIClientTests.swift in Sources */ = {isa = PBXBuildFile; fileRef = 628EB031CB4245EFFC654692 /* BackendAPIClientTests.swift */; };
		9EB09A0622151C96F5085093 /* APIConfigurationTests.swift in Sources */ = {isa = PBXBuildFile; fileRef = 8FBDBF56204493C68EF8C405 /* APIConfigurationTests.swift */; };
		9F135351FCF1FDA7C51914D8 /* TelemetryLogger.swift in Sources */ = {isa = PBXBuildFile; fileRef = 04335C5D5E73547D4D6E586D /* TelemetryLogger.swift */; };
		A24657C8C45387EA4498DB2E /* AudioResolverClient.swift in Sources */ = {isa = PBXBuildFile; fileRef = 74F1C27E5ECFD7F84D093D7C /* AudioResolverClient.swift */; };
		A9797161467F2C78B5BFB8CD /* AppEnvironment.swift in Sources */ = {isa = PBXBuildFile; fileRef = F1F37F7675860B628B860626 /* AppEnvironment.swift */; };
		A9DC2AD302F90792D39791BF /* NavigationState.swift in Sources */ = {isa = PBXBuildFile; fileRef = D21933FE8FC663CF4BCBB9E4 /* NavigationState.swift */; };
		AC46E160C5D1930FEDB87226 /* SearchView.swift in Sources */ = {isa = PBXBuildFile; fileRef = 80FDC15191972AAF39D79DE9 /* SearchView.swift */; };
		AD2F44FA64140FB8D90976C0 /* YouTubeDiscoveryTests.swift in Sources */ = {isa = PBXBuildFile; fileRef = 467388344670107A44EF2B3E /* YouTubeDiscoveryTests.swift */; };
		AF5C07E46A08EA0B54A62111 /* ArtistsView.swift in Sources */ = {isa = PBXBuildFile; fileRef = E6A59697B1891CBC49468A6D /* ArtistsView.swift */; };
		B4550670107A8D20603642FF /* LRCLibProvider.swift in Sources */ = {isa = PBXBuildFile; fileRef = 8D8175F48FBD2E689D9B238B /* LRCLibProvider.swift */; };
		B494D0D16E959FAA0DFB25D1 /* LibraryView.swift in Sources */ = {isa = PBXBuildFile; fileRef = 2EA82CB2E816602BC35D64CE /* LibraryView.swift */; };
		BBD5C8FE26EF8F4CED422FBA /* LyricsView.swift in Sources */ = {isa = PBXBuildFile; fileRef = 4080C306FEBF3645824F3C4D /* LyricsView.swift */; };
		BD8E9A0EEFE3A40023A59B2A /* ListaView.swift in Sources */ = {isa = PBXBuildFile; fileRef = C7295DD1B3594D1FB35DC30F /* ListaView.swift */; };
		C70262488DEF23C70F811EFF /* EmptyStateView.swift in Sources */ = {isa = PBXBuildFile; fileRef = F297D372DDBA5524FB948C6A /* EmptyStateView.swift */; };
		C88B9D67B4C704CE356E1A10 /* PersistenceController.swift in Sources */ = {isa = PBXBuildFile; fileRef = A7B1D950AF2202200F1F155B /* PersistenceController.swift */; };
		CA2F000B54C6149104DAD2BA /* DiegoMusicApp.swift in Sources */ = {isa = PBXBuildFile; fileRef = E88CC5007055E958CA1DF8A2 /* DiegoMusicApp.swift */; };
		CB26DB31E8FBA6DA284AC2AD /* RootView.swift in Sources */ = {isa = PBXBuildFile; fileRef = 6C7431211BFD831BFE345787 /* RootView.swift */; };
		CC098E954CDAE1168EB327AB /* CarPlayNowPlayingConfigurator.swift in Sources */ = {isa = PBXBuildFile; fileRef = 1FD62AD63E4D0FD616C2D493 /* CarPlayNowPlayingConfigurator.swift */; };
		CCAB397154603A49D077D1FB /* HomeViewModel.swift in Sources */ = {isa = PBXBuildFile; fileRef = 0AD26475811511245BC77670 /* HomeViewModel.swift */; };
		CD158DD51509D51C08527BE2 /* OfflineDownloadManager.swift in Sources */ = {isa = PBXBuildFile; fileRef = FC0D07A81799D5A969378F04 /* OfflineDownloadManager.swift */; };
		D0870BC343C69067DE0613E7 /* AudioPlayerCoordinator.swift in Sources */ = {isa = PBXBuildFile; fileRef = 9FB13C662B63A966DBF25255 /* AudioPlayerCoordinator.swift */; };
		D5BE1D4CF19CFE38F195BDAE /* HTTPTransport.swift in Sources */ = {isa = PBXBuildFile; fileRef = 0FDA5A5D2D2D02FF647A79B5 /* HTTPTransport.swift */; };
		DCDF95C1FBCE85C28F412B8F /* LRCParserTests.swift in Sources */ = {isa = PBXBuildFile; fileRef = 99A2BCA94F00187DF0222FA3 /* LRCParserTests.swift */; };
		DCFBDB2E0EFE66B9A1BAAE90 /* OfflineViews.swift in Sources */ = {isa = PBXBuildFile; fileRef = FD18A95C8ACCA7B278AD6718 /* OfflineViews.swift */; };
		E2E09809A036E6777ECA4A01 /* PlaybackMode.swift in Sources */ = {isa = PBXBuildFile; fileRef = 483FBC446F537449BC6E00F4 /* PlaybackMode.swift */; };
		E2F116B8D5EB33772BE133B7 /* LyricsService.swift in Sources */ = {isa = PBXBuildFile; fileRef = C80138449F0AC641BE362544 /* LyricsService.swift */; };
		EA942F4940296EE74224F072 /* MediaItem.swift in Sources */ = {isa = PBXBuildFile; fileRef = A02A66A86A3EC08044560152 /* MediaItem.swift */; };
		EEB3975BD0DC588DC3DE5B20 /* AudioResolverClientTests.swift in Sources */ = {isa = PBXBuildFile; fileRef = 9BB1A8414A4C7D6609EAE6CF /* AudioResolverClientTests.swift */; };
		F0C5AE44C640260B5F9C4C60 /* YouTubeMapper.swift in Sources */ = {isa = PBXBuildFile; fileRef = 9D35C753BFE0E20764D09FD0 /* YouTubeMapper.swift */; };
		FA71197E70B6598A8B1D8A3E /* SearchCache.swift in Sources */ = {isa = PBXBuildFile; fileRef = 3C7C800A5E31A6F4F8488D74 /* SearchCache.swift */; };
		FF129C4BF5B270005A530ACA /* YouTubeMapperTests.swift in Sources */ = {isa = PBXBuildFile; fileRef = 35865195C238B75C27816070 /* YouTubeMapperTests.swift */; };
/* End PBXBuildFile section */

/* Begin PBXContainerItemProxy section */
		A72ED877C962AD29375ABAA8 /* PBXContainerItemProxy */ = {
			isa = PBXContainerItemProxy;
			containerPortal = AD2B7EF3923F904C4145CBEA /* Project object */;
			proxyType = 1;
			remoteGlobalIDString = BD0C6D01EBC60165A5863358;
			remoteInfo = DiegoMusic;
		};
/* End PBXContainerItemProxy section */

/* Begin PBXFileReference section */
		04335C5D5E73547D4D6E586D /* TelemetryLogger.swift */ = {isa = PBXFileReference; lastKnownFileType = sourcecode.swift; path = TelemetryLogger.swift; sourceTree = "<group>"; };
		06080C7AB650DEDEADA44D84 /* ImportYouTubePlaylistSheet.swift */ = {isa = PBXFileReference; lastKnownFileType = sourcecode.swift; path = ImportYouTubePlaylistSheet.swift; sourceTree = "<group>"; };
		090C5ADC3245B7DE1B38935A /* PlaybackQueueTests.swift */ = {isa = PBXFileReference; lastKnownFileType = sourcecode.swift; path = PlaybackQueueTests.swift; sourceTree = "<group>"; };
		0976345E0EAFD37E5D7FA028 /* SettingsView.swift */ = {isa = PBXFileReference; lastKnownFileType = sourcecode.swift; path = SettingsView.swift; sourceTree = "<group>"; };
		0993E40A73827BA8545DBF8C /* ArtworkCache.swift */ = {isa = PBXFileReference; lastKnownFileType = sourcecode.swift; path = ArtworkCache.swift; sourceTree = "<group>"; };
		0AD26475811511245BC77670 /* HomeViewModel.swift */ = {isa = PBXFileReference; lastKnownFileType = sourcecode.swift; path = HomeViewModel.swift; sourceTree = "<group>"; };
		0FDA5A5D2D2D02FF647A79B5 /* HTTPTransport.swift */ = {isa = PBXFileReference; lastKnownFileType = sourcecode.swift; path = HTTPTransport.swift; sourceTree = "<group>"; };
		0FE57CBF0D3EE918C5629D1B /* AlbumsView.swift */ = {isa = PBXFileReference; lastKnownFileType = sourcecode.swift; path = AlbumsView.swift; sourceTree = "<group>"; };
		140CAA550915A666402FE3B2 /* PlaybackQueue.swift */ = {isa = PBXFileReference; lastKnownFileType = sourcecode.swift; path = PlaybackQueue.swift; sourceTree = "<group>"; };
		16CD6BD5C451A2941A1BBCC3 /* DownloadedView.swift */ = {isa = PBXFileReference; lastKnownFileType = sourcecode.swift; path = DownloadedView.swift; sourceTree = "<group>"; };
		1FD62AD63E4D0FD616C2D493 /* CarPlayNowPlayingConfigurator.swift */ = {isa = PBXFileReference; lastKnownFileType = sourcecode.swift; path = CarPlayNowPlayingConfigurator.swift; sourceTree = "<group>"; };
		2B2C35DDFD4B81AAF442203B /* SearchViewModel.swift */ = {isa = PBXFileReference; lastKnownFileType = sourcecode.swift; path = SearchViewModel.swift; sourceTree = "<group>"; };
		2E6DE71C5DF6FAD5B457E1D4 /* SearchHistory.swift */ = {isa = PBXFileReference; lastKnownFileType = sourcecode.swift; path = SearchHistory.swift; sourceTree = "<group>"; };
		2EA82CB2E816602BC35D64CE /* LibraryView.swift */ = {isa = PBXFileReference; lastKnownFileType = sourcecode.swift; path = LibraryView.swift; sourceTree = "<group>"; };
		30DD7EC7F2EA80F9AAB0BB1D /* HomeView.swift */ = {isa = PBXFileReference; lastKnownFileType = sourcecode.swift; path = HomeView.swift; sourceTree = "<group>"; };
		31362CACE6F19E4F2F29A988 /* AudioResolverConfigurationTests.swift */ = {isa = PBXFileReference; lastKnownFileType = sourcecode.swift; path = AudioResolverConfigurationTests.swift; sourceTree = "<group>"; };
		35865195C238B75C27816070 /* YouTubeMapperTests.swift */ = {isa = PBXFileReference; lastKnownFileType = sourcecode.swift; path = YouTubeMapperTests.swift; sourceTree = "<group>"; };
		37175D33C185C8A289AECEF3 /* CarPlaySceneDelegate.swift */ = {isa = PBXFileReference; lastKnownFileType = sourcecode.swift; path = CarPlaySceneDelegate.swift; sourceTree = "<group>"; };
		3C7C800A5E31A6F4F8488D74 /* SearchCache.swift */ = {isa = PBXFileReference; lastKnownFileType = sourcecode.swift; path = SearchCache.swift; sourceTree = "<group>"; };
		4080C306FEBF3645824F3C4D /* LyricsView.swift */ = {isa = PBXFileReference; lastKnownFileType = sourcecode.swift; path = LyricsView.swift; sourceTree = "<group>"; };
		409F30608520D809FD11B8E2 /* PlaybackSettings.swift */ = {isa = PBXFileReference; lastKnownFileType = sourcecode.swift; path = PlaybackSettings.swift; sourceTree = "<group>"; };
		44E1F2F237A2DFAA4BF89615 /* NetworkMonitor.swift */ = {isa = PBXFileReference; lastKnownFileType = sourcecode.swift; path = NetworkMonitor.swift; sourceTree = "<group>"; };
		467388344670107A44EF2B3E /* YouTubeDiscoveryTests.swift */ = {isa = PBXFileReference; lastKnownFileType = sourcecode.swift; path = YouTubeDiscoveryTests.swift; sourceTree = "<group>"; };
		483FBC446F537449BC6E00F4 /* PlaybackMode.swift */ = {isa = PBXFileReference; lastKnownFileType = sourcecode.swift; path = PlaybackMode.swift; sourceTree = "<group>"; };
		4A394FA257C045422353CDC8 /* BackendAPIClient.swift */ = {isa = PBXFileReference; lastKnownFileType = sourcecode.swift; path = BackendAPIClient.swift; sourceTree = "<group>"; };
		4A76E261434655493B1ACB2A /* DiegoMusic.app */ = {isa = PBXFileReference; includeInIndex = 0; lastKnownFileType = wrapper.application; path = DiegoMusic.app; sourceTree = BUILT_PRODUCTS_DIR; };
		4BEA7E3666B9D4FE8698180D /* AuthClientTests.swift */ = {isa = PBXFileReference; lastKnownFileType = sourcecode.swift; path = AuthClientTests.swift; sourceTree = "<group>"; };
		54DEFDB1DE5E4093054EB1E7 /* YouTubeDataServiceTests.swift */ = {isa = PBXFileReference; lastKnownFileType = sourcecode.swift; path = YouTubeDataServiceTests.swift; sourceTree = "<group>"; };
		58FE67E2E14640C50A4CF427 /* APIConfiguration.swift */ = {isa = PBXFileReference; lastKnownFileType = sourcecode.swift; path = APIConfiguration.swift; sourceTree = "<group>"; };
		5EC0A167AD028A5841AB61B3 /* SearchCacheTests.swift */ = {isa = PBXFileReference; lastKnownFileType = sourcecode.swift; path = SearchCacheTests.swift; sourceTree = "<group>"; };
		628EB031CB4245EFFC654692 /* BackendAPIClientTests.swift */ = {isa = PBXFileReference; lastKnownFileType = sourcecode.swift; path = BackendAPIClientTests.swift; sourceTree = "<group>"; };
		629D8FBE5059163E4D30E8EA /* SongsView.swift */ = {isa = PBXFileReference; lastKnownFileType = sourcecode.swift; path = SongsView.swift; sourceTree = "<group>"; };
		67C1E125A4BB89C0DA2D7362 /* YouTubeDataService.swift */ = {isa = PBXFileReference; lastKnownFileType = sourcecode.swift; path = YouTubeDataService.swift; sourceTree = "<group>"; };
		6C7431211BFD831BFE345787 /* RootView.swift */ = {isa = PBXFileReference; lastKnownFileType = sourcecode.swift; path = RootView.swift; sourceTree = "<group>"; };
		74F1C27E5ECFD7F84D093D7C /* AudioResolverClient.swift */ = {isa = PBXFileReference; lastKnownFileType = sourcecode.swift; path = AudioResolverClient.swift; sourceTree = "<group>"; };
		7B191B87FBB9C5DC4777FE6D /* DiegoMusicTests.xctest */ = {isa = PBXFileReference; includeInIndex = 0; lastKnownFileType = wrapper.cfbundle; path = DiegoMusicTests.xctest; sourceTree = BUILT_PRODUCTS_DIR; };
		80FDC15191972AAF39D79DE9 /* SearchView.swift */ = {isa = PBXFileReference; lastKnownFileType = sourcecode.swift; path = SearchView.swift; sourceTree = "<group>"; };
		871BE5ECB98F3C033A8C095E /* BackendModels.swift */ = {isa = PBXFileReference; lastKnownFileType = sourcecode.swift; path = BackendModels.swift; sourceTree = "<group>"; };
		892693C07393A706673A6FCD /* Assets.xcassets */ = {isa = PBXFileReference; lastKnownFileType = folder.assetcatalog; path = Assets.xcassets; sourceTree = "<group>"; };
		8AF30D79E5CDBB7FAA824770 /* DiscoveryModels.swift */ = {isa = PBXFileReference; lastKnownFileType = sourcecode.swift; path = DiscoveryModels.swift; sourceTree = "<group>"; };
		8D273959FF9097E9E5D248AC /* OfflineDownloadManagerTests.swift */ = {isa = PBXFileReference; lastKnownFileType = sourcecode.swift; path = OfflineDownloadManagerTests.swift; sourceTree = "<group>"; };
		8D8175F48FBD2E689D9B238B /* LRCLibProvider.swift */ = {isa = PBXFileReference; lastKnownFileType = sourcecode.swift; path = LRCLibProvider.swift; sourceTree = "<group>"; };
		8F88060C4CD1FF3AF40FDEF2 /* KeychainTokenManager.swift */ = {isa = PBXFileReference; lastKnownFileType = sourcecode.swift; path = KeychainTokenManager.swift; sourceTree = "<group>"; };
		8FBDBF56204493C68EF8C405 /* APIConfigurationTests.swift */ = {isa = PBXFileReference; lastKnownFileType = sourcecode.swift; path = APIConfigurationTests.swift; sourceTree = "<group>"; };
		94CEFBF0FC30A4278679715A /* NavigationStateTests.swift */ = {isa = PBXFileReference; lastKnownFileType = sourcecode.swift; path = NavigationStateTests.swift; sourceTree = "<group>"; };
		983F97D6C817E685E743F2CD /* LibraryTrackRow.swift */ = {isa = PBXFileReference; lastKnownFileType = sourcecode.swift; path = LibraryTrackRow.swift; sourceTree = "<group>"; };
		99A2BCA94F00187DF0222FA3 /* LRCParserTests.swift */ = {isa = PBXFileReference; lastKnownFileType = sourcecode.swift; path = LRCParserTests.swift; sourceTree = "<group>"; };
		9BB1A8414A4C7D6609EAE6CF /* AudioResolverClientTests.swift */ = {isa = PBXFileReference; lastKnownFileType = sourcecode.swift; path = AudioResolverClientTests.swift; sourceTree = "<group>"; };
		9D35C753BFE0E20764D09FD0 /* YouTubeMapper.swift */ = {isa = PBXFileReference; lastKnownFileType = sourcecode.swift; path = YouTubeMapper.swift; sourceTree = "<group>"; };
		9DCEBDB4334C8CF02760A7DC /* AuthState.swift */ = {isa = PBXFileReference; lastKnownFileType = sourcecode.swift; path = AuthState.swift; sourceTree = "<group>"; };
		9FB13C662B63A966DBF25255 /* AudioPlayerCoordinator.swift */ = {isa = PBXFileReference; lastKnownFileType = sourcecode.swift; path = AudioPlayerCoordinator.swift; sourceTree = "<group>"; };
		A02A66A86A3EC08044560152 /* MediaItem.swift */ = {isa = PBXFileReference; lastKnownFileType = sourcecode.swift; path = MediaItem.swift; sourceTree = "<group>"; };
		A062754AB263ED64696028EF /* LoginView.swift */ = {isa = PBXFileReference; lastKnownFileType = sourcecode.swift; path = LoginView.swift; sourceTree = "<group>"; };
		A1CB8ED4D85715275E8C02C7 /* Base.xcconfig */ = {isa = PBXFileReference; lastKnownFileType = text.xcconfig; path = Base.xcconfig; sourceTree = "<group>"; };
		A36A29292241E50EAA6FED44 /* LibraryStore.swift */ = {isa = PBXFileReference; lastKnownFileType = sourcecode.swift; path = LibraryStore.swift; sourceTree = "<group>"; };
		A7B1D950AF2202200F1F155B /* PersistenceController.swift */ = {isa = PBXFileReference; lastKnownFileType = sourcecode.swift; path = PersistenceController.swift; sourceTree = "<group>"; };
		A933166B2764B1187F6AC36A /* YouTubeEndpoint.swift */ = {isa = PBXFileReference; lastKnownFileType = sourcecode.swift; path = YouTubeEndpoint.swift; sourceTree = "<group>"; };
		A992485307B9D6D2EEAF913F /* YouTubeEndpointTests.swift */ = {isa = PBXFileReference; lastKnownFileType = sourcecode.swift; path = YouTubeEndpointTests.swift; sourceTree = "<group>"; };
		A9E399F4835AB24FA1E720CB /* AlbumView.swift */ = {isa = PBXFileReference; lastKnownFileType = sourcecode.swift; path = AlbumView.swift; sourceTree = "<group>"; };
		B30F52361FAA3C126CF97949 /* AuthClient.swift */ = {isa = PBXFileReference; lastKnownFileType = sourcecode.swift; path = AuthClient.swift; sourceTree = "<group>"; };
		B8F106F9E95C9822C5808CE2 /* ArtistView.swift */ = {isa = PBXFileReference; lastKnownFileType = sourcecode.swift; path = ArtistView.swift; sourceTree = "<group>"; };
		BA8362E596A6A7A298D53B8F /* AuthModels.swift */ = {isa = PBXFileReference; lastKnownFileType = sourcecode.swift; path = AuthModels.swift; sourceTree = "<group>"; };
		BC72D12F38B1EA483B6186E7 /* AudioResolverConfiguration.swift */ = {isa = PBXFileReference; lastKnownFileType = sourcecode.swift; path = AudioResolverConfiguration.swift; sourceTree = "<group>"; };
		BE44763CBB2A8B00B1EA0587 /* PlaylistsView.swift */ = {isa = PBXFileReference; lastKnownFileType = sourcecode.swift; path = PlaylistsView.swift; sourceTree = "<group>"; };
		C234CC382B03ED88AEF30081 /* SearchScope.swift */ = {isa = PBXFileReference; lastKnownFileType = sourcecode.swift; path = SearchScope.swift; sourceTree = "<group>"; };
		C40F7B2D42579F0EE8B84562 /* YouTubeDTOs.swift */ = {isa = PBXFileReference; lastKnownFileType = sourcecode.swift; path = YouTubeDTOs.swift; sourceTree = "<group>"; };
		C7295DD1B3594D1FB35DC30F /* ListaView.swift */ = {isa = PBXFileReference; lastKnownFileType = sourcecode.swift; path = ListaView.swift; sourceTree = "<group>"; };
		C80138449F0AC641BE362544 /* LyricsService.swift */ = {isa = PBXFileReference; lastKnownFileType = sourcecode.swift; path = LyricsService.swift; sourceTree = "<group>"; };
		C91458DBA03A1CAB850C0F56 /* SignUpView.swift */ = {isa = PBXFileReference; lastKnownFileType = sourcecode.swift; path = SignUpView.swift; sourceTree = "<group>"; };
		D21933FE8FC663CF4BCBB9E4 /* NavigationState.swift */ = {isa = PBXFileReference; lastKnownFileType = sourcecode.swift; path = NavigationState.swift; sourceTree = "<group>"; };
		D716FDDA75977C70E05F94BF /* LyricsModels.swift */ = {isa = PBXFileReference; lastKnownFileType = sourcecode.swift; path = LyricsModels.swift; sourceTree = "<group>"; };
		E6A59697B1891CBC49468A6D /* ArtistsView.swift */ = {isa = PBXFileReference; lastKnownFileType = sourcecode.swift; path = ArtistsView.swift; sourceTree = "<group>"; };
		E88CC5007055E958CA1DF8A2 /* DiegoMusicApp.swift */ = {isa = PBXFileReference; lastKnownFileType = sourcecode.swift; path = DiegoMusicApp.swift; sourceTree = "<group>"; };
		F1F37F7675860B628B860626 /* AppEnvironment.swift */ = {isa = PBXFileReference; lastKnownFileType = sourcecode.swift; path = AppEnvironment.swift; sourceTree = "<group>"; };
		F297D372DDBA5524FB948C6A /* EmptyStateView.swift */ = {isa = PBXFileReference; lastKnownFileType = sourcecode.swift; path = EmptyStateView.swift; sourceTree = "<group>"; };
		F3933F4F8EA7E6B37A9C0AE2 /* PlayerDock.swift */ = {isa = PBXFileReference; lastKnownFileType = sourcecode.swift; path = PlayerDock.swift; sourceTree = "<group>"; };
		F623E593973A826CD971899D /* LibraryModels.swift */ = {isa = PBXFileReference; lastKnownFileType = sourcecode.swift; path = LibraryModels.swift; sourceTree = "<group>"; };
		F8520854CDB28840D481BC1D /* LibraryStoreTests.swift */ = {isa = PBXFileReference; lastKnownFileType = sourcecode.swift; path = LibraryStoreTests.swift; sourceTree = "<group>"; };
		FBA4D463399019B155D951B0 /* DesignSystem.swift */ = {isa = PBXFileReference; lastKnownFileType = sourcecode.swift; path = DesignSystem.swift; sourceTree = "<group>"; };
		FC0D07A81799D5A969378F04 /* OfflineDownloadManager.swift */ = {isa = PBXFileReference; lastKnownFileType = sourcecode.swift; path = OfflineDownloadManager.swift; sourceTree = "<group>"; };
		FD18A95C8ACCA7B278AD6718 /* OfflineViews.swift */ = {isa = PBXFileReference; lastKnownFileType = sourcecode.swift; path = OfflineViews.swift; sourceTree = "<group>"; };
/* End PBXFileReference section */

/* Begin PBXGroup section */
		03A29CED02A849C78556E43D /* UnitTests */ = {
			isa = PBXGroup;
			children = (
				8FBDBF56204493C68EF8C405 /* APIConfigurationTests.swift */,
				9BB1A8414A4C7D6609EAE6CF /* AudioResolverClientTests.swift */,
				31362CACE6F19E4F2F29A988 /* AudioResolverConfigurationTests.swift */,
				4BEA7E3666B9D4FE8698180D /* AuthClientTests.swift */,
				628EB031CB4245EFFC654692 /* BackendAPIClientTests.swift */,
				F8520854CDB28840D481BC1D /* LibraryStoreTests.swift */,
				99A2BCA94F00187DF0222FA3 /* LRCParserTests.swift */,
				94CEFBF0FC30A4278679715A /* NavigationStateTests.swift */,
				8D273959FF9097E9E5D248AC /* OfflineDownloadManagerTests.swift */,
				090C5ADC3245B7DE1B38935A /* PlaybackQueueTests.swift */,
				5EC0A167AD028A5841AB61B3 /* SearchCacheTests.swift */,
				54DEFDB1DE5E4093054EB1E7 /* YouTubeDataServiceTests.swift */,
				467388344670107A44EF2B3E /* YouTubeDiscoveryTests.swift */,
				A992485307B9D6D2EEAF913F /* YouTubeEndpointTests.swift */,
				35865195C238B75C27816070 /* YouTubeMapperTests.swift */,
			);
			path = UnitTests;
			sourceTree = "<group>";
		};
		14F5186884BD0203A8C12F71 /* Models */ = {
			isa = PBXGroup;
			children = (
				A02A66A86A3EC08044560152 /* MediaItem.swift */,
				140CAA550915A666402FE3B2 /* PlaybackQueue.swift */,
			);
			path = Models;
			sourceTree = "<group>";
		};
		1E0B12E8E8FE4494E0946350 /* Config */ = {
			isa = PBXGroup;
			children = (
				A1CB8ED4D85715275E8C02C7 /* Base.xcconfig */,
			);
			path = Config;
			sourceTree = "<group>";
		};
		2A4CC20041441F977E5D0EA5 /* Home */ = {
			isa = PBXGroup;
			children = (
				A9E399F4835AB24FA1E720CB /* AlbumView.swift */,
				B8F106F9E95C9822C5808CE2 /* ArtistView.swift */,
				30DD7EC7F2EA80F9AAB0BB1D /* HomeView.swift */,
				0AD26475811511245BC77670 /* HomeViewModel.swift */,
			);
			path = Home;
			sourceTree = "<group>";
		};
		2D55BC6A6AC6A1A21561E5FB /* Resources */ = {
			isa = PBXGroup;
			children = (
				892693C07393A706673A6FCD /* Assets.xcassets */,
			);
			path = Resources;
			sourceTree = "<group>";
		};
		328F0A367C6C7D0EAE4162DA /* YouTube */ = {
			isa = PBXGroup;
			children = (
				8AF30D79E5CDBB7FAA824770 /* DiscoveryModels.swift */,
				3C7C800A5E31A6F4F8488D74 /* SearchCache.swift */,
				67C1E125A4BB89C0DA2D7362 /* YouTubeDataService.swift */,
				C40F7B2D42579F0EE8B84562 /* YouTubeDTOs.swift */,
				A933166B2764B1187F6AC36A /* YouTubeEndpoint.swift */,
				9D35C753BFE0E20764D09FD0 /* YouTubeMapper.swift */,
			);
			path = YouTube;
			sourceTree = "<group>";
		};
		3F0D0CFE5D70A94857D1490C /* Networking */ = {
			isa = PBXGroup;
			children = (
				58FE67E2E14640C50A4CF427 /* APIConfiguration.swift */,
				B30F52361FAA3C126CF97949 /* AuthClient.swift */,
				BA8362E596A6A7A298D53B8F /* AuthModels.swift */,
				9DCEBDB4334C8CF02760A7DC /* AuthState.swift */,
				4A394FA257C045422353CDC8 /* BackendAPIClient.swift */,
				871BE5ECB98F3C033A8C095E /* BackendModels.swift */,
				0FDA5A5D2D2D02FF647A79B5 /* HTTPTransport.swift */,
				8F88060C4CD1FF3AF40FDEF2 /* KeychainTokenManager.swift */,
				04335C5D5E73547D4D6E586D /* TelemetryLogger.swift */,
			);
			path = Networking;
			sourceTree = "<group>";
		};
		41C8E82977F079A52C37178B /* Core */ = {
			isa = PBXGroup;
			children = (
				14F5186884BD0203A8C12F71 /* Models */,
				3F0D0CFE5D70A94857D1490C /* Networking */,
				684AC6F44734AAB9187E16BD /* Persistence */,
			);
			path = Core;
			sourceTree = "<group>";
		};
		4E2E77B77885BC9897CD4CFB /* Lyrics */ = {
			isa = PBXGroup;
			children = (
				8D8175F48FBD2E689D9B238B /* LRCLibProvider.swift */,
				D716FDDA75977C70E05F94BF /* LyricsModels.swift */,
				C80138449F0AC641BE362544 /* LyricsService.swift */,
				4080C306FEBF3645824F3C4D /* LyricsView.swift */,
			);
			path = Lyrics;
			sourceTree = "<group>";
		};
		5A42B4A8930EB597CB106B72 /* Library */ = {
			isa = PBXGroup;
			children = (
				0FE57CBF0D3EE918C5629D1B /* AlbumsView.swift */,
				E6A59697B1891CBC49468A6D /* ArtistsView.swift */,
				983F97D6C817E685E743F2CD /* LibraryTrackRow.swift */,
				2EA82CB2E816602BC35D64CE /* LibraryView.swift */,
				C7295DD1B3594D1FB35DC30F /* ListaView.swift */,
				629D8FBE5059163E4D30E8EA /* SongsView.swift */,
			);
			path = Library;
			sourceTree = "<group>";
		};
		5C61C279F5DAFA497EE03D14 /* Products */ = {
			isa = PBXGroup;
			children = (
				4A76E261434655493B1ACB2A /* DiegoMusic.app */,
				7B191B87FBB9C5DC4777FE6D /* DiegoMusicTests.xctest */,
			);
			name = Products;
			sourceTree = "<group>";
		};
		62990A80BA9AE6E92A3F9B14 /* Offline */ = {
			isa = PBXGroup;
			children = (
				16CD6BD5C451A2941A1BBCC3 /* DownloadedView.swift */,
				44E1F2F237A2DFAA4BF89615 /* NetworkMonitor.swift */,
				FC0D07A81799D5A969378F04 /* OfflineDownloadManager.swift */,
				FD18A95C8ACCA7B278AD6718 /* OfflineViews.swift */,
			);
			path = Offline;
			sourceTree = "<group>";
		};
		684AC6F44734AAB9187E16BD /* Persistence */ = {
			isa = PBXGroup;
			children = (
				F623E593973A826CD971899D /* LibraryModels.swift */,
				A36A29292241E50EAA6FED44 /* LibraryStore.swift */,
				A7B1D950AF2202200F1F155B /* PersistenceController.swift */,
				409F30608520D809FD11B8E2 /* PlaybackSettings.swift */,
			);
			path = Persistence;
			sourceTree = "<group>";
		};
		7A04BB4EEA150C0F9741DBDC /* AudioPlayer */ = {
			isa = PBXGroup;
			children = (
				0993E40A73827BA8545DBF8C /* ArtworkCache.swift */,
				9FB13C662B63A966DBF25255 /* AudioPlayerCoordinator.swift */,
				74F1C27E5ECFD7F84D093D7C /* AudioResolverClient.swift */,
				BC72D12F38B1EA483B6186E7 /* AudioResolverConfiguration.swift */,
				483FBC446F537449BC6E00F4 /* PlaybackMode.swift */,
			);
			path = AudioPlayer;
			sourceTree = "<group>";
		};
		8C2DE8D6AA6748737409FED3 /* Auth */ = {
			isa = PBXGroup;
			children = (
				A062754AB263ED64696028EF /* LoginView.swift */,
				C91458DBA03A1CAB850C0F56 /* SignUpView.swift */,
			);
			path = Auth;
			sourceTree = "<group>";
		};
		8E856C8DAC27BB2CC6867FF4 /* App */ = {
			isa = PBXGroup;
			children = (
				F1F37F7675860B628B860626 /* AppEnvironment.swift */,
				E88CC5007055E958CA1DF8A2 /* DiegoMusicApp.swift */,
				D21933FE8FC663CF4BCBB9E4 /* NavigationState.swift */,
				6C7431211BFD831BFE345787 /* RootView.swift */,
			);
			path = App;
			sourceTree = "<group>";
		};
		933CCA5E91C8E94315CDA33B /* Player */ = {
			isa = PBXGroup;
			children = (
				F3933F4F8EA7E6B37A9C0AE2 /* PlayerDock.swift */,
			);
			path = Player;
			sourceTree = "<group>";
		};
		AB7CED6A4F0613DDE3D88779 /* Tests */ = {
			isa = PBXGroup;
			children = (
				03A29CED02A849C78556E43D /* UnitTests */,
			);
			path = Tests;
			sourceTree = "<group>";
		};
		B6831503AF6D4906EE5E0C69 /* Search */ = {
			isa = PBXGroup;
			children = (
				2E6DE71C5DF6FAD5B457E1D4 /* SearchHistory.swift */,
				C234CC382B03ED88AEF30081 /* SearchScope.swift */,
				80FDC15191972AAF39D79DE9 /* SearchView.swift */,
				2B2C35DDFD4B81AAF442203B /* SearchViewModel.swift */,
			);
			path = Search;
			sourceTree = "<group>";
		};
		BB49007500DE905501E7E750 /* Features */ = {
			isa = PBXGroup;
			children = (
				8C2DE8D6AA6748737409FED3 /* Auth */,
				2A4CC20041441F977E5D0EA5 /* Home */,
				5A42B4A8930EB597CB106B72 /* Library */,
				933CCA5E91C8E94315CDA33B /* Player */,
				F1F0523E35EA8A9A32018201 /* Playlists */,
				B6831503AF6D4906EE5E0C69 /* Search */,
				F326B4EE140043CDDC7DAAF5 /* Settings */,
			);
			path = Features;
			sourceTree = "<group>";
		};
		D1A64D797B4E38491A25F843 = {
			isa = PBXGroup;
			children = (
				1E0B12E8E8FE4494E0946350 /* Config */,
				D526F4AD5DC2B5E99E8EE04B /* DiegoMusic */,
				AB7CED6A4F0613DDE3D88779 /* Tests */,
				5C61C279F5DAFA497EE03D14 /* Products */,
			);
			sourceTree = "<group>";
		};
		D526F4AD5DC2B5E99E8EE04B /* DiegoMusic */ = {
			isa = PBXGroup;
			children = (
				8E856C8DAC27BB2CC6867FF4 /* App */,
				7A04BB4EEA150C0F9741DBDC /* AudioPlayer */,
				F501834292CB21C31573FCBF /* CarPlay */,
				41C8E82977F079A52C37178B /* Core */,
				E57E3A990F9F8B28D1781AA7 /* Design */,
				BB49007500DE905501E7E750 /* Features */,
				4E2E77B77885BC9897CD4CFB /* Lyrics */,
				62990A80BA9AE6E92A3F9B14 /* Offline */,
				2D55BC6A6AC6A1A21561E5FB /* Resources */,
				328F0A367C6C7D0EAE4162DA /* YouTube */,
			);
			path = DiegoMusic;
			sourceTree = "<group>";
		};
		E57E3A990F9F8B28D1781AA7 /* Design */ = {
			isa = PBXGroup;
			children = (
				FBA4D463399019B155D951B0 /* DesignSystem.swift */,
				F297D372DDBA5524FB948C6A /* EmptyStateView.swift */,
			);
			path = Design;
			sourceTree = "<group>";
		};
		F1F0523E35EA8A9A32018201 /* Playlists */ = {
			isa = PBXGroup;
			children = (
				06080C7AB650DEDEADA44D84 /* ImportYouTubePlaylistSheet.swift */,
				BE44763CBB2A8B00B1EA0587 /* PlaylistsView.swift */,
			);
			path = Playlists;
			sourceTree = "<group>";
		};
		F326B4EE140043CDDC7DAAF5 /* Settings */ = {
			isa = PBXGroup;
			children = (
				0976345E0EAFD37E5D7FA028 /* SettingsView.swift */,
			);
			path = Settings;
			sourceTree = "<group>";
		};
		F501834292CB21C31573FCBF /* CarPlay */ = {
			isa = PBXGroup;
			children = (
				1FD62AD63E4D0FD616C2D493 /* CarPlayNowPlayingConfigurator.swift */,
				37175D33C185C8A289AECEF3 /* CarPlaySceneDelegate.swift */,
			);
			path = CarPlay;
			sourceTree = "<group>";
		};
/* End PBXGroup section */

/* Begin PBXNativeTarget section */
		B7B0D8E63407C6B5161319FF /* DiegoMusicTests */ = {
			isa = PBXNativeTarget;
			buildConfigurationList = E21951080227350B54D53E71 /* Build configuration list for PBXNativeTarget "DiegoMusicTests" */;
			buildPhases = (
				3A10FAEB801F486DC84E7125 /* Sources */,
			);
			buildRules = (
			);
			dependencies = (
				D65391E7560F9913D5CA1813 /* PBXTargetDependency */,
			);
			name = DiegoMusicTests;
			packageProductDependencies = (
			);
			productName = DiegoMusicTests;
			productReference = 7B191B87FBB9C5DC4777FE6D /* DiegoMusicTests.xctest */;
			productType = "com.apple.product-type.bundle.unit-test";
		};
		BD0C6D01EBC60165A5863358 /* DiegoMusic */ = {
			isa = PBXNativeTarget;
			buildConfigurationList = 33CE16CACB70A3EB02948E23 /* Build configuration list for PBXNativeTarget "DiegoMusic" */;
			buildPhases = (
				8A9D5A981A52FB74D0F22141 /* Sources */,
				CA0A02E6254C61868E4F7FAB /* Resources */,
			);
			buildRules = (
			);
			dependencies = (
			);
			name = DiegoMusic;
			packageProductDependencies = (
			);
			productName = DiegoMusic;
			productReference = 4A76E261434655493B1ACB2A /* DiegoMusic.app */;
			productType = "com.apple.product-type.application";
		};
/* End PBXNativeTarget section */

/* Begin PBXProject section */
		AD2B7EF3923F904C4145CBEA /* Project object */ = {
			isa = PBXProject;
			attributes = {
				BuildIndependentTargetsInParallel = YES;
				LastUpgradeCheck = 1430;
				TargetAttributes = {
					B7B0D8E63407C6B5161319FF = {
						ProvisioningStyle = Automatic;
					};
					BD0C6D01EBC60165A5863358 = {
						DevelopmentTeam = B28C46A6QX;
						ProvisioningStyle = Automatic;
					};
				};
			};
			buildConfigurationList = C5816D7438724A516AA7FC89 /* Build configuration list for PBXProject "DiegoMusic" */;
			compatibilityVersion = "Xcode 14.0";
			developmentRegion = en;
			hasScannedForEncodings = 0;
			knownRegions = (
				Base,
				en,
			);
			mainGroup = D1A64D797B4E38491A25F843;
			minimizedProjectReferenceProxies = 1;
			productRefGroup = 5C61C279F5DAFA497EE03D14 /* Products */;
			projectDirPath = "";
			projectRoot = "";
			targets = (
				BD0C6D01EBC60165A5863358 /* DiegoMusic */,
				B7B0D8E63407C6B5161319FF /* DiegoMusicTests */,
			);
		};
/* End PBXProject section */

/* Begin PBXResourcesBuildPhase section */
		CA0A02E6254C61868E4F7FAB /* Resources */ = {
			isa = PBXResourcesBuildPhase;
			buildActionMask = 2147483647;
			files = (
				0729089CEB6891002D96373A /* Assets.xcassets in Resources */,
			);
			runOnlyForDeploymentPostprocessing = 0;
		};
/* End PBXResourcesBuildPhase section */

/* Begin PBXSourcesBuildPhase section */
		3A10FAEB801F486DC84E7125 /* Sources */ = {
			isa = PBXSourcesBuildPhase;
			buildActionMask = 2147483647;
			files = (
				9EB09A0622151C96F5085093 /* APIConfigurationTests.swift in Sources */,
				EEB3975BD0DC588DC3DE5B20 /* AudioResolverClientTests.swift in Sources */,
				55C9016668119361F6E838F7 /* AudioResolverConfigurationTests.swift in Sources */,
				2E3F2999DB121C8BBAB636C6 /* AuthClientTests.swift in Sources */,
				9EA9ABF234A0BC25E1CD2816 /* BackendAPIClientTests.swift in Sources */,
				DCDF95C1FBCE85C28F412B8F /* LRCParserTests.swift in Sources */,
				2F5AC0C498853AF394DDF57A /* LibraryStoreTests.swift in Sources */,
				708BE9815E38BABBEAAC3C48 /* NavigationStateTests.swift in Sources */,
				384773FD9C858FC2C91FD270 /* OfflineDownloadManagerTests.swift in Sources */,
				9AF26B4D28F48DE77389F2AA /* PlaybackQueueTests.swift in Sources */,
				9CED3AAD75CE5FFA93D61941 /* SearchCacheTests.swift in Sources */,
				1EE66FB17A9410293C5BAA26 /* YouTubeDataServiceTests.swift in Sources */,
				AD2F44FA64140FB8D90976C0 /* YouTubeDiscoveryTests.swift in Sources */,
				44DF0F56869565B549D57C2E /* YouTubeEndpointTests.swift in Sources */,
				FF129C4BF5B270005A530ACA /* YouTubeMapperTests.swift in Sources */,
			);
			runOnlyForDeploymentPostprocessing = 0;
		};
		8A9D5A981A52FB74D0F22141 /* Sources */ = {
			isa = PBXSourcesBuildPhase;
			buildActionMask = 2147483647;
			files = (
				8D5A357BB70880003DAC9C37 /* APIConfiguration.swift in Sources */,
				7A344E3760153F4FE76B0976 /* AlbumView.swift in Sources */,
				1E288212940E68FB27D81C33 /* AlbumsView.swift in Sources */,
				A9797161467F2C78B5BFB8CD /* AppEnvironment.swift in Sources */,
				3044612D123FCD074F65BC80 /* ArtistView.swift in Sources */,
				AF5C07E46A08EA0B54A62111 /* ArtistsView.swift in Sources */,
				2A303C7F8112A53EB5C1B6F2 /* ArtworkCache.swift in Sources */,
				D0870BC343C69067DE0613E7 /* AudioPlayerCoordinator.swift in Sources */,
				A24657C8C45387EA4498DB2E /* AudioResolverClient.swift in Sources */,
				90727597F4BA2B79A7F17D56 /* AudioResolverConfiguration.swift in Sources */,
				9717581C42A5E2B1A3AD0ABC /* AuthClient.swift in Sources */,
				7499A8F2F69959B90466845B /* AuthModels.swift in Sources */,
				3F5D47FE1ABB03202BECC26D /* AuthState.swift in Sources */,
				2BC43C3FE260FECA70FABB03 /* BackendAPIClient.swift in Sources */,
				78839F260CDED6C5A4F20DD7 /* BackendModels.swift in Sources */,
				CC098E954CDAE1168EB327AB /* CarPlayNowPlayingConfigurator.swift in Sources */,
				56A49B2E1245EADA750B967D /* CarPlaySceneDelegate.swift in Sources */,
				32CFE4A9D47793DBFEAD4C6D /* DesignSystem.swift in Sources */,
				CA2F000B54C6149104DAD2BA /* DiegoMusicApp.swift in Sources */,
				59C84DFF595B0B8955A29D91 /* DiscoveryModels.swift in Sources */,
				67DB8B8FAE9D22457BE1B74C /* DownloadedView.swift in Sources */,
				C70262488DEF23C70F811EFF /* EmptyStateView.swift in Sources */,
				D5BE1D4CF19CFE38F195BDAE /* HTTPTransport.swift in Sources */,
				47510C2F1438B6752D5CC68D /* HomeView.swift in Sources */,
				CCAB397154603A49D077D1FB /* HomeViewModel.swift in Sources */,
				233E9CF5E4CBFB98E51CFB1D /* ImportYouTubePlaylistSheet.swift in Sources */,
				783D5A3D00E294671014DE12 /* KeychainTokenManager.swift in Sources */,
				B4550670107A8D20603642FF /* LRCLibProvider.swift in Sources */,
				1ADE522DBCF94E539C00AF09 /* LibraryModels.swift in Sources */,
				3F12A33EEFFBADC28106D28D /* LibraryStore.swift in Sources */,
				0E4FADB21060DFF9C22DBBF9 /* LibraryTrackRow.swift in Sources */,
				B494D0D16E959FAA0DFB25D1 /* LibraryView.swift in Sources */,
				BD8E9A0EEFE3A40023A59B2A /* ListaView.swift in Sources */,
				7EC09738E59B91EB17D45049 /* LoginView.swift in Sources */,
				24326489F77EF25965B4F827 /* LyricsModels.swift in Sources */,
				E2F116B8D5EB33772BE133B7 /* LyricsService.swift in Sources */,
				BBD5C8FE26EF8F4CED422FBA /* LyricsView.swift in Sources */,
				EA942F4940296EE74224F072 /* MediaItem.swift in Sources */,
				A9DC2AD302F90792D39791BF /* NavigationState.swift in Sources */,
				0B9C4933AB5C9561D199904D /* NetworkMonitor.swift in Sources */,
				CD158DD51509D51C08527BE2 /* OfflineDownloadManager.swift in Sources */,
				DCFBDB2E0EFE66B9A1BAAE90 /* OfflineViews.swift in Sources */,
				C88B9D67B4C704CE356E1A10 /* PersistenceController.swift in Sources */,
				E2E09809A036E6777ECA4A01 /* PlaybackMode.swift in Sources */,
				91455358061B6C369F86A250 /* PlaybackQueue.swift in Sources */,
				37874CAFC446646388F0E21F /* PlaybackSettings.swift in Sources */,
				4C107778B5B4CC72B10EC26D /* PlayerDock.swift in Sources */,
				37830DDB0CE98A83B7CAD119 /* PlaylistsView.swift in Sources */,
				CB26DB31E8FBA6DA284AC2AD /* RootView.swift in Sources */,
				FA71197E70B6598A8B1D8A3E /* SearchCache.swift in Sources */,
				847DA61827F0DEF65A005B63 /* SearchHistory.swift in Sources */,
				1B132538CD1B84C3149868A3 /* SearchScope.swift in Sources */,
				AC46E160C5D1930FEDB87226 /* SearchView.swift in Sources */,
				801DEED4CE8D9A925AB07406 /* SearchViewModel.swift in Sources */,
				40B1CB675A36B391BBD5698D /* SettingsView.swift in Sources */,
				667DF4AF04C5648136BA73AE /* SignUpView.swift in Sources */,
				1F93FC56B54E3682BEAF6843 /* SongsView.swift in Sources */,
				9F135351FCF1FDA7C51914D8 /* TelemetryLogger.swift in Sources */,
				6151A90AE8662A3BF68F6F81 /* YouTubeDTOs.swift in Sources */,
				9CEF62D1403E9DA2FED264B5 /* YouTubeDataService.swift in Sources */,
				7CFD3DADE5FDDAC4CD2ABD7F /* YouTubeEndpoint.swift in Sources */,
				F0C5AE44C640260B5F9C4C60 /* YouTubeMapper.swift in Sources */,
			);
			runOnlyForDeploymentPostprocessing = 0;
		};
/* End PBXSourcesBuildPhase section */

/* Begin PBXTargetDependency section */
		D65391E7560F9913D5CA1813 /* PBXTargetDependency */ = {
			isa = PBXTargetDependency;
			target = BD0C6D01EBC60165A5863358 /* DiegoMusic */;
			targetProxy = A72ED877C962AD29375ABAA8 /* PBXContainerItemProxy */;
		};
/* End PBXTargetDependency section */

/* Begin XCBuildConfiguration section */
		48334C9423D641D8326463A5 /* Debug */ = {
			isa = XCBuildConfiguration;
			buildSettings = {
				ASSETCATALOG_COMPILER_APPICON_NAME = AppIcon;
				ASSETCATALOG_COMPILER_GLOBAL_ACCENT_COLOR_NAME = AccentColor;
				"CODE_SIGN_ENTITLEMENTS[sdk=macosx*]" = Config/DiegoMusic.entitlements;
				CODE_SIGN_IDENTITY = "iPhone Developer";
				DEVELOPMENT_TEAM = B28C46A6QX;
				ENABLE_HARDENED_RUNTIME = YES;
				GENERATE_INFOPLIST_FILE = NO;
				INFOPLIST_FILE = Config/Info.plist;
				LD_RUNPATH_SEARCH_PATHS = (
					"$(inherited)",
					"@executable_path/Frameworks",
				);
				PRODUCT_BUNDLE_IDENTIFIER = com.diegocainzos.DiegoMusic;
				PRODUCT_NAME = DiegoMusic;
				SDKROOT = auto;
				SUPPORTED_PLATFORMS = "iphoneos iphonesimulator macosx";
				SUPPORTS_MACCATALYST = NO;
				SUPPORTS_MAC_DESIGNED_FOR_IPHONE_IPAD = NO;
				SUPPORTS_XR_DESIGNED_FOR_IPHONE_IPAD = YES;
				TARGETED_DEVICE_FAMILY = "1,2";
			};
			name = Debug;
		};
		61FD2E485D1EA0490406E6F6 /* Debug */ = {
			isa = XCBuildConfiguration;
			buildSettings = {
				BUNDLE_LOADER = "$(TEST_HOST)";
				"BUNDLE_LOADER[sdk=iphone*]" = "$(TEST_HOST)";
				"BUNDLE_LOADER[sdk=macosx*]" = "$(TEST_HOST)";
				GENERATE_INFOPLIST_FILE = YES;
				LD_RUNPATH_SEARCH_PATHS = (
					"$(inherited)",
					"@executable_path/Frameworks",
					"@loader_path/Frameworks",
				);
				PRODUCT_BUNDLE_IDENTIFIER = com.diegocainzos.DiegoMusicTests;
				SDKROOT = auto;
				SUPPORTED_PLATFORMS = "iphoneos iphonesimulator macosx";
				SUPPORTS_MACCATALYST = NO;
				SUPPORTS_MAC_DESIGNED_FOR_IPHONE_IPAD = NO;
				SUPPORTS_XR_DESIGNED_FOR_IPHONE_IPAD = YES;
				TARGETED_DEVICE_FAMILY = "1,2";
				TEST_HOST = "$(BUILT_PRODUCTS_DIR)/DiegoMusic.app/DiegoMusic";
				"TEST_HOST[sdk=iphone*]" = "$(BUILT_PRODUCTS_DIR)/DiegoMusic.app/DiegoMusic";
				"TEST_HOST[sdk=macosx*]" = "$(BUILT_PRODUCTS_DIR)/DiegoMusic.app/Contents/MacOS/DiegoMusic";
			};
			name = Debug;
		};
		6A4856998CF724530CB50F7B /* Release */ = {
			isa = XCBuildConfiguration;
			buildSettings = {
				ASSETCATALOG_COMPILER_APPICON_NAME = AppIcon;
				ASSETCATALOG_COMPILER_GLOBAL_ACCENT_COLOR_NAME = AccentColor;
				"CODE_SIGN_ENTITLEMENTS[sdk=macosx*]" = Config/DiegoMusic.entitlements;
				CODE_SIGN_IDENTITY = "iPhone Developer";
				DEVELOPMENT_TEAM = B28C46A6QX;
				ENABLE_HARDENED_RUNTIME = YES;
				GENERATE_INFOPLIST_FILE = NO;
				INFOPLIST_FILE = Config/Info.plist;
				LD_RUNPATH_SEARCH_PATHS = (
					"$(inherited)",
					"@executable_path/Frameworks",
				);
				PRODUCT_BUNDLE_IDENTIFIER = com.diegocainzos.DiegoMusic;
				PRODUCT_NAME = DiegoMusic;
				SDKROOT = auto;
				SUPPORTED_PLATFORMS = "iphoneos iphonesimulator macosx";
				SUPPORTS_MACCATALYST = NO;
				SUPPORTS_MAC_DESIGNED_FOR_IPHONE_IPAD = NO;
				SUPPORTS_XR_DESIGNED_FOR_IPHONE_IPAD = YES;
				TARGETED_DEVICE_FAMILY = "1,2";
			};
			name = Release;
		};
		70B631071BF5B89C62C409D5 /* Debug */ = {
			isa = XCBuildConfiguration;
			baseConfigurationReference = A1CB8ED4D85715275E8C02C7 /* Base.xcconfig */;
			buildSettings = {
				ALWAYS_SEARCH_USER_PATHS = NO;
				CLANG_ANALYZER_NONNULL = YES;
				CLANG_ANALYZER_NUMBER_OBJECT_CONVERSION = YES_AGGRESSIVE;
				CLANG_CXX_LANGUAGE_STANDARD = "gnu++14";
				CLANG_CXX_LIBRARY = "libc++";
				CLANG_ENABLE_MODULES = YES;
				CLANG_ENABLE_OBJC_ARC = YES;
				CLANG_ENABLE_OBJC_WEAK = YES;
				CLANG_WARN_BLOCK_CAPTURE_AUTORELEASING = YES;
				CLANG_WARN_BOOL_CONVERSION = YES;
				CLANG_WARN_COMMA = YES;
				CLANG_WARN_CONSTANT_CONVERSION = YES;
				CLANG_WARN_DEPRECATED_OBJC_IMPLEMENTATIONS = YES;
				CLANG_WARN_DIRECT_OBJC_ISA_USAGE = YES_ERROR;
				CLANG_WARN_DOCUMENTATION_COMMENTS = YES;
				CLANG_WARN_EMPTY_BODY = YES;
				CLANG_WARN_ENUM_CONVERSION = YES;
				CLANG_WARN_INFINITE_RECURSION = YES;
				CLANG_WARN_INT_CONVERSION = YES;
				CLANG_WARN_NON_LITERAL_NULL_CONVERSION = YES;
				CLANG_WARN_OBJC_IMPLICIT_RETAIN_SELF = YES;
				CLANG_WARN_OBJC_LITERAL_CONVERSION = YES;
				CLANG_WARN_OBJC_ROOT_CLASS = YES_ERROR;
				CLANG_WARN_QUOTED_INCLUDE_IN_FRAMEWORK_HEADER = YES;
				CLANG_WARN_RANGE_LOOP_ANALYSIS = YES;
				CLANG_WARN_STRICT_PROTOTYPES = YES;
				CLANG_WARN_SUSPICIOUS_MOVE = YES;
				CLANG_WARN_UNGUARDED_AVAILABILITY = YES_AGGRESSIVE;
				CLANG_WARN_UNREACHABLE_CODE = YES;
				CLANG_WARN__DUPLICATE_METHOD_MATCH = YES;
				CODE_SIGN_STYLE = Automatic;
				COPY_PHASE_STRIP = NO;
				CURRENT_PROJECT_VERSION = 1;
				DEBUG_INFORMATION_FORMAT = dwarf;
				ENABLE_STRICT_OBJC_MSGSEND = YES;
				ENABLE_TESTABILITY = YES;
				GCC_C_LANGUAGE_STANDARD = gnu11;
				GCC_DYNAMIC_NO_PIC = NO;
				GCC_NO_COMMON_BLOCKS = YES;
				GCC_OPTIMIZATION_LEVEL = 0;
				GCC_PREPROCESSOR_DEFINITIONS = (
					"$(inherited)",
					"DEBUG=1",
				);
				GCC_WARN_64_TO_32_BIT_CONVERSION = YES;
				GCC_WARN_ABOUT_RETURN_TYPE = YES_ERROR;
				GCC_WARN_UNDECLARED_SELECTOR = YES;
				GCC_WARN_UNINITIALIZED_AUTOS = YES_AGGRESSIVE;
				GCC_WARN_UNUSED_FUNCTION = YES;
				GCC_WARN_UNUSED_VARIABLE = YES;
				IPHONEOS_DEPLOYMENT_TARGET = 17.0;
				MACOSX_DEPLOYMENT_TARGET = 14.8.5;
				MARKETING_VERSION = 0.1.0;
				MTL_ENABLE_DEBUG_INFO = INCLUDE_SOURCE;
				MTL_FAST_MATH = YES;
				ONLY_ACTIVE_ARCH = YES;
				PRODUCT_NAME = "$(TARGET_NAME)";
				SDKROOT = auto;
				SWIFT_ACTIVE_COMPILATION_CONDITIONS = DEBUG;
				SWIFT_OPTIMIZATION_LEVEL = "-Onone";
				SWIFT_VERSION = 5.9;
				VERSIONING_SYSTEM = "apple-generic";
			};
			name = Debug;
		};
		A0DF5B741DE0D4DFBCFCBAAD /* Release */ = {
			isa = XCBuildConfiguration;
			baseConfigurationReference = A1CB8ED4D85715275E8C02C7 /* Base.xcconfig */;
			buildSettings = {
				ALWAYS_SEARCH_USER_PATHS = NO;
				CLANG_ANALYZER_NONNULL = YES;
				CLANG_ANALYZER_NUMBER_OBJECT_CONVERSION = YES_AGGRESSIVE;
				CLANG_CXX_LANGUAGE_STANDARD = "gnu++14";
				CLANG_CXX_LIBRARY = "libc++";
				CLANG_ENABLE_MODULES = YES;
				CLANG_ENABLE_OBJC_ARC = YES;
				CLANG_ENABLE_OBJC_WEAK = YES;
				CLANG_WARN_BLOCK_CAPTURE_AUTORELEASING = YES;
				CLANG_WARN_BOOL_CONVERSION = YES;
				CLANG_WARN_COMMA = YES;
				CLANG_WARN_CONSTANT_CONVERSION = YES;
				CLANG_WARN_DEPRECATED_OBJC_IMPLEMENTATIONS = YES;
				CLANG_WARN_DIRECT_OBJC_ISA_USAGE = YES_ERROR;
				CLANG_WARN_DOCUMENTATION_COMMENTS = YES;
				CLANG_WARN_EMPTY_BODY = YES;
				CLANG_WARN_ENUM_CONVERSION = YES;
				CLANG_WARN_INFINITE_RECURSION = YES;
				CLANG_WARN_INT_CONVERSION = YES;
				CLANG_WARN_NON_LITERAL_NULL_CONVERSION = YES;
				CLANG_WARN_OBJC_IMPLICIT_RETAIN_SELF = YES;
				CLANG_WARN_OBJC_LITERAL_CONVERSION = YES;
				CLANG_WARN_OBJC_ROOT_CLASS = YES_ERROR;
				CLANG_WARN_QUOTED_INCLUDE_IN_FRAMEWORK_HEADER = YES;
				CLANG_WARN_RANGE_LOOP_ANALYSIS = YES;
				CLANG_WARN_STRICT_PROTOTYPES = YES;
				CLANG_WARN_SUSPICIOUS_MOVE = YES;
				CLANG_WARN_UNGUARDED_AVAILABILITY = YES_AGGRESSIVE;
				CLANG_WARN_UNREACHABLE_CODE = YES;
				CLANG_WARN__DUPLICATE_METHOD_MATCH = YES;
				CODE_SIGN_STYLE = Automatic;
				COPY_PHASE_STRIP = NO;
				CURRENT_PROJECT_VERSION = 1;
				DEBUG_INFORMATION_FORMAT = "dwarf-with-dsym";
				ENABLE_NS_ASSERTIONS = NO;
				ENABLE_STRICT_OBJC_MSGSEND = YES;
				GCC_C_LANGUAGE_STANDARD = gnu11;
				GCC_NO_COMMON_BLOCKS = YES;
				GCC_WARN_64_TO_32_BIT_CONVERSION = YES;
				GCC_WARN_ABOUT_RETURN_TYPE = YES_ERROR;
				GCC_WARN_UNDECLARED_SELECTOR = YES;
				GCC_WARN_UNINITIALIZED_AUTOS = YES_AGGRESSIVE;
				GCC_WARN_UNUSED_FUNCTION = YES;
				GCC_WARN_UNUSED_VARIABLE = YES;
				IPHONEOS_DEPLOYMENT_TARGET = 17.0;
				MACOSX_DEPLOYMENT_TARGET = 14.8.5;
				MARKETING_VERSION = 0.1.0;
				MTL_ENABLE_DEBUG_INFO = NO;
				MTL_FAST_MATH = YES;
				PRODUCT_NAME = "$(TARGET_NAME)";
				SDKROOT = auto;
				SWIFT_COMPILATION_MODE = wholemodule;
				SWIFT_OPTIMIZATION_LEVEL = "-O";
				SWIFT_VERSION = 5.9;
				VERSIONING_SYSTEM = "apple-generic";
			};
			name = Release;
		};
		D87294E937D87C9F1CDA092A /* Release */ = {
			isa = XCBuildConfiguration;
			buildSettings = {
				BUNDLE_LOADER = "$(TEST_HOST)";
				"BUNDLE_LOADER[sdk=iphone*]" = "$(TEST_HOST)";
				"BUNDLE_LOADER[sdk=macosx*]" = "$(TEST_HOST)";
				GENERATE_INFOPLIST_FILE = YES;
				LD_RUNPATH_SEARCH_PATHS = (
					"$(inherited)",
					"@executable_path/Frameworks",
					"@loader_path/Frameworks",
				);
				PRODUCT_BUNDLE_IDENTIFIER = com.diegocainzos.DiegoMusicTests;
				SDKROOT = auto;
				SUPPORTED_PLATFORMS = "iphoneos iphonesimulator macosx";
				SUPPORTS_MACCATALYST = NO;
				SUPPORTS_MAC_DESIGNED_FOR_IPHONE_IPAD = NO;
				SUPPORTS_XR_DESIGNED_FOR_IPHONE_IPAD = YES;
				TARGETED_DEVICE_FAMILY = "1,2";
				TEST_HOST = "$(BUILT_PRODUCTS_DIR)/DiegoMusic.app/DiegoMusic";
				"TEST_HOST[sdk=iphone*]" = "$(BUILT_PRODUCTS_DIR)/DiegoMusic.app/DiegoMusic";
				"TEST_HOST[sdk=macosx*]" = "$(BUILT_PRODUCTS_DIR)/DiegoMusic.app/Contents/MacOS/DiegoMusic";
			};
			name = Release;
		};
/* End XCBuildConfiguration section */

/* Begin XCConfigurationList section */
		33CE16CACB70A3EB02948E23 /* Build configuration list for PBXNativeTarget "DiegoMusic" */ = {
			isa = XCConfigurationList;
			buildConfigurations = (
				48334C9423D641D8326463A5 /* Debug */,
				6A4856998CF724530CB50F7B /* Release */,
			);
			defaultConfigurationIsVisible = 0;
			defaultConfigurationName = Debug;
		};
		C5816D7438724A516AA7FC89 /* Build configuration list for PBXProject "DiegoMusic" */ = {
			isa = XCConfigurationList;
			buildConfigurations = (
				70B631071BF5B89C62C409D5 /* Debug */,
				A0DF5B741DE0D4DFBCFCBAAD /* Release */,
			);
			defaultConfigurationIsVisible = 0;
			defaultConfigurationName = Debug;
		};
		E21951080227350B54D53E71 /* Build configuration list for PBXNativeTarget "DiegoMusicTests" */ = {
			isa = XCConfigurationList;
			buildConfigurations = (
				61FD2E485D1EA0490406E6F6 /* Debug */,
				D87294E937D87C9F1CDA092A /* Release */,
			);
			defaultConfigurationIsVisible = 0;
			defaultConfigurationName = Debug;
		};
/* End XCConfigurationList section */
	};
	rootObject = AD2B7EF3923F904C4145CBEA /* Project object */;
}
